{
  "name": "converta-image-converter",
  "version": "0.0.2",
  "lockfileVersion": 3,
  "requires": true,
  "packages": {
    "": {
      "name": "converta-image-converter",
      "version": "0.0.2",
      "license": "ISC",
      "dependencies": {
        "@converta/api": "^0.0.4"
      }
    },
    "node_modules/@converta/api": {
      "version": "0.0.4",
      "resolved": "https://registry.npmjs.org/@converta/api/-/api-0.0.4.tgz",
      "integrity": "sha512-/EoxSVuZTfcH8owUGqdO4bE15Ns3rAAPctZ8DtZny8F6itUvjOlqxvW2gWNA5RsPNPbebM55JzOyvmie+RX8oQ=="
    }
  }
}
